
Microsoft Visual Studio Solution File, Format Version 12.00
# Visual Studio Version 16
VisualStudioVersion = 16.0.28803.202
MinimumVisualStudioVersion = 10.0.40219.1
Project("{2150E333-8FDC-42A3-9474-1A3956D46DE8}") = "Feature", "Feature", "{F0459D72-D546-458B-AE3A-E79641118566}"
EndProject
Project("{FAE04EC0-301F-11D3-BF4B-00C04F79EFBC}") = "Sitecore.Demo.Feature.CRM", "src\Feature\CRM\code\Sitecore.Demo.Feature.CRM.csproj", "{D224E1A9-BE7E-4B93-95F4-5F6E1E80CD04}"
EndProject
Project("{FAE04EC0-301F-11D3-BF4B-00C04F79EFBC}") = "Sitecore.Demo.Feature.Forms", "src\Feature\Forms\code\Sitecore.Demo.Feature.Forms.csproj", "{9CC4B700-D002-4BC2-B417-FD956AD3DD39}"
EndProject
Project("{FAE04EC0-301F-11D3-BF4B-00C04F79EFBC}") = "Sitecore.Demo.Feature.Accounts", "src\Feature\Accounts\code\Sitecore.Demo.Feature.Accounts.csproj", "{B4A56D7D-DDBB-494B-A05A-26974FB7EEB1}"
EndProject
Project("{FAE04EC0-301F-11D3-BF4B-00C04F79EFBC}") = "Sitecore.Demo.Feature.Demo", "src\Feature\Demo\code\Sitecore.Demo.Feature.Demo.csproj", "{B4848A62-92AA-4670-B519-12EFC204409E}"
EndProject
Project("{FAE04EC0-301F-11D3-BF4B-00C04F79EFBC}") = "Sitecore.Demo.Feature.Email", "src\Feature\Email\code\Sitecore.Demo.Feature.Email.csproj", "{A5DD50D9-3A50-4F25-97EC-D3B71A8562CE}"
EndProject
Project("{2150E333-8FDC-42A3-9474-1A3956D46DE8}") = "Accounts", "Accounts", "{D1D643BC-183C-47BA-AF25-7EB0FD90459E}"
EndProject
Project("{2150E333-8FDC-42A3-9474-1A3956D46DE8}") = "CRM", "CRM", "{9336E0CF-0493-4771-8342-6DA344539844}"
EndProject
Project("{2150E333-8FDC-42A3-9474-1A3956D46DE8}") = "Demo", "Demo", "{791CFC6B-DA77-4C53-95E6-48F73419F827}"
EndProject
Project("{2150E333-8FDC-42A3-9474-1A3956D46DE8}") = "Email", "Email", "{CB1AC9B8-F6C8-46C6-A9BE-FA556F9CEF9A}"
EndProject
Project("{2150E333-8FDC-42A3-9474-1A3956D46DE8}") = "Forms", "Forms", "{0BCC40CA-FEB7-40AA-BE5C-40831B2196D8}"
EndProject
Project("{2150E333-8FDC-42A3-9474-1A3956D46DE8}") = ".tds", ".tds", "{778BD55D-DFDC-4B53-B2BD-DEF7B7643693}"
	ProjectSection(SolutionItems) = preProject
		TdsGlobal.config = TdsGlobal.config
	EndProjectSection
EndProject
Project("{2150E333-8FDC-42A3-9474-1A3956D46DE8}") = ".nuget", ".nuget", "{86E06447-53C2-430D-A05E-091143781351}"
	ProjectSection(SolutionItems) = preProject
		nuget.config = nuget.config
	EndProjectSection
EndProject
Project("{2150E333-8FDC-42A3-9474-1A3956D46DE8}") = ".nuspec", ".nuspec", "{53B32233-D5AE-4C15-81C5-1134E4C2663B}"
	ProjectSection(SolutionItems) = preProject
		Build\nuspec\Sitecore.Demo.Feature.Accounts.nuspec = Build\nuspec\Sitecore.Demo.Feature.Accounts.nuspec
		Build\nuspec\Sitecore.Demo.Feature.Demo.nuspec = Build\nuspec\Sitecore.Demo.Feature.Demo.nuspec
		Build\nuspec\Sitecore.Demo.Feature.Email.nuspec = Build\nuspec\Sitecore.Demo.Feature.Email.nuspec
		Build\nuspec\Sitecore.Demo.Feature.Forms.nuspec = Build\nuspec\Sitecore.Demo.Feature.Forms.nuspec
	EndProjectSection
EndProject
Project("{CAA73BB0-EF22-4D79-A57E-DF67B3BA9C80}") = "Sitecore.Demo.Feature.Accounts.Core", "src\Feature\Accounts\tds\core\Sitecore.Demo.Feature.Accounts.Core.scproj", "{80F452AD-DC97-405D-B8EC-75ABC4D77F34}"
EndProject
Project("{CAA73BB0-EF22-4D79-A57E-DF67B3BA9C80}") = "Sitecore.Demo.Feature.Accounts.Master", "src\Feature\Accounts\tds\master\Sitecore.Demo.Feature.Accounts.Master.scproj", "{B9192D80-60D1-4F1A-B979-C61BE8ADAE2D}"
EndProject
Project("{CAA73BB0-EF22-4D79-A57E-DF67B3BA9C80}") = "Sitecore.Demo.Feature.CRM.Master", "src\Feature\CRM\tds\master\Sitecore.Demo.Feature.CRM.Master.scproj", "{92027EE7-344F-4DAD-9256-70A8DD795AAD}"
EndProject
Project("{CAA73BB0-EF22-4D79-A57E-DF67B3BA9C80}") = "Sitecore.Demo.Feature.Demo.Master", "src\Feature\Demo\tds\master\Sitecore.Demo.Feature.Demo.Master.scproj", "{74DA69DE-EE9F-46CD-A0EC-98D349C8C486}"
EndProject
Project("{CAA73BB0-EF22-4D79-A57E-DF67B3BA9C80}") = "Sitecore.Demo.Feature.Email.Master", "src\Feature\Email\tds\master\Sitecore.Demo.Feature.Email.Master.scproj", "{4839EBBE-B06A-4984-9CF4-67B9A451FE23}"
EndProject
Project("{CAA73BB0-EF22-4D79-A57E-DF67B3BA9C80}") = "Sitecore.Demo.Feature.Forms.Core", "src\Feature\Forms\tds\core\Sitecore.Demo.Feature.Forms.Core.scproj", "{7A350089-47B3-481B-86E5-77E02F69DEA7}"
EndProject
Project("{CAA73BB0-EF22-4D79-A57E-DF67B3BA9C80}") = "Sitecore.Demo.Feature.Forms.Master", "src\Feature\Forms\tds\master\Sitecore.Demo.Feature.Forms.Master.scproj", "{0260651F-B8E1-4F77-9758-B142B5011FF4}"
EndProject
Global
	GlobalSection(SolutionConfigurationPlatforms) = preSolution
		Debug|Any CPU = Debug|Any CPU
		Local|Any CPU = Local|Any CPU
		Release|Any CPU = Release|Any CPU
	EndGlobalSection
	GlobalSection(ProjectConfigurationPlatforms) = postSolution
		{D224E1A9-BE7E-4B93-95F4-5F6E1E80CD04}.Debug|Any CPU.ActiveCfg = Debug|Any CPU
		{D224E1A9-BE7E-4B93-95F4-5F6E1E80CD04}.Debug|Any CPU.Build.0 = Debug|Any CPU
		{D224E1A9-BE7E-4B93-95F4-5F6E1E80CD04}.Local|Any CPU.ActiveCfg = Local|Any CPU
		{D224E1A9-BE7E-4B93-95F4-5F6E1E80CD04}.Release|Any CPU.ActiveCfg = Release|Any CPU
		{D224E1A9-BE7E-4B93-95F4-5F6E1E80CD04}.Release|Any CPU.Build.0 = Release|Any CPU
		{9CC4B700-D002-4BC2-B417-FD956AD3DD39}.Debug|Any CPU.ActiveCfg = Debug|Any CPU
		{9CC4B700-D002-4BC2-B417-FD956AD3DD39}.Debug|Any CPU.Build.0 = Debug|Any CPU
		{9CC4B700-D002-4BC2-B417-FD956AD3DD39}.Local|Any CPU.ActiveCfg = Local|Any CPU
		{9CC4B700-D002-4BC2-B417-FD956AD3DD39}.Local|Any CPU.Build.0 = Local|Any CPU
		{9CC4B700-D002-4BC2-B417-FD956AD3DD39}.Release|Any CPU.ActiveCfg = Release|Any CPU
		{9CC4B700-D002-4BC2-B417-FD956AD3DD39}.Release|Any CPU.Build.0 = Release|Any CPU
		{B4A56D7D-DDBB-494B-A05A-26974FB7EEB1}.Debug|Any CPU.ActiveCfg = Debug|Any CPU
		{B4A56D7D-DDBB-494B-A05A-26974FB7EEB1}.Debug|Any CPU.Build.0 = Debug|Any CPU
		{B4A56D7D-DDBB-494B-A05A-26974FB7EEB1}.Local|Any CPU.ActiveCfg = Local|Any CPU
		{B4A56D7D-DDBB-494B-A05A-26974FB7EEB1}.Local|Any CPU.Build.0 = Local|Any CPU
		{B4A56D7D-DDBB-494B-A05A-26974FB7EEB1}.Release|Any CPU.ActiveCfg = Release|Any CPU
		{B4A56D7D-DDBB-494B-A05A-26974FB7EEB1}.Release|Any CPU.Build.0 = Release|Any CPU
		{B4848A62-92AA-4670-B519-12EFC204409E}.Debug|Any CPU.ActiveCfg = Debug|Any CPU
		{B4848A62-92AA-4670-B519-12EFC204409E}.Debug|Any CPU.Build.0 = Debug|Any CPU
		{B4848A62-92AA-4670-B519-12EFC204409E}.Local|Any CPU.ActiveCfg = Local|Any CPU
		{B4848A62-92AA-4670-B519-12EFC204409E}.Local|Any CPU.Build.0 = Local|Any CPU
		{B4848A62-92AA-4670-B519-12EFC204409E}.Release|Any CPU.ActiveCfg = Release|Any CPU
		{B4848A62-92AA-4670-B519-12EFC204409E}.Release|Any CPU.Build.0 = Release|Any CPU
		{A5DD50D9-3A50-4F25-97EC-D3B71A8562CE}.Debug|Any CPU.ActiveCfg = Debug|Any CPU
		{A5DD50D9-3A50-4F25-97EC-D3B71A8562CE}.Debug|Any CPU.Build.0 = Debug|Any CPU
		{A5DD50D9-3A50-4F25-97EC-D3B71A8562CE}.Local|Any CPU.ActiveCfg = Local|Any CPU
		{A5DD50D9-3A50-4F25-97EC-D3B71A8562CE}.Local|Any CPU.Build.0 = Local|Any CPU
		{A5DD50D9-3A50-4F25-97EC-D3B71A8562CE}.Release|Any CPU.ActiveCfg = Release|Any CPU
		{A5DD50D9-3A50-4F25-97EC-D3B71A8562CE}.Release|Any CPU.Build.0 = Release|Any CPU
		{80F452AD-DC97-405D-B8EC-75ABC4D77F34}.Debug|Any CPU.ActiveCfg = Debug|Any CPU
		{80F452AD-DC97-405D-B8EC-75ABC4D77F34}.Debug|Any CPU.Build.0 = Debug|Any CPU
		{80F452AD-DC97-405D-B8EC-75ABC4D77F34}.Debug|Any CPU.Deploy.0 = Debug|Any CPU
		{80F452AD-DC97-405D-B8EC-75ABC4D77F34}.Local|Any CPU.ActiveCfg = Local|Any CPU
		{80F452AD-DC97-405D-B8EC-75ABC4D77F34}.Local|Any CPU.Build.0 = Local|Any CPU
		{80F452AD-DC97-405D-B8EC-75ABC4D77F34}.Local|Any CPU.Deploy.0 = Local|Any CPU
		{80F452AD-DC97-405D-B8EC-75ABC4D77F34}.Release|Any CPU.ActiveCfg = Release|Any CPU
		{80F452AD-DC97-405D-B8EC-75ABC4D77F34}.Release|Any CPU.Build.0 = Release|Any CPU
		{80F452AD-DC97-405D-B8EC-75ABC4D77F34}.Release|Any CPU.Deploy.0 = Release|Any CPU
		{B9192D80-60D1-4F1A-B979-C61BE8ADAE2D}.Debug|Any CPU.ActiveCfg = Debug|Any CPU
		{B9192D80-60D1-4F1A-B979-C61BE8ADAE2D}.Debug|Any CPU.Build.0 = Debug|Any CPU
		{B9192D80-60D1-4F1A-B979-C61BE8ADAE2D}.Debug|Any CPU.Deploy.0 = Debug|Any CPU
		{B9192D80-60D1-4F1A-B979-C61BE8ADAE2D}.Local|Any CPU.ActiveCfg = Local|Any CPU
		{B9192D80-60D1-4F1A-B979-C61BE8ADAE2D}.Local|Any CPU.Build.0 = Local|Any CPU
		{B9192D80-60D1-4F1A-B979-C61BE8ADAE2D}.Local|Any CPU.Deploy.0 = Local|Any CPU
		{B9192D80-60D1-4F1A-B979-C61BE8ADAE2D}.Release|Any CPU.ActiveCfg = Release|Any CPU
		{B9192D80-60D1-4F1A-B979-C61BE8ADAE2D}.Release|Any CPU.Build.0 = Release|Any CPU
		{B9192D80-60D1-4F1A-B979-C61BE8ADAE2D}.Release|Any CPU.Deploy.0 = Release|Any CPU
		{92027EE7-344F-4DAD-9256-70A8DD795AAD}.Debug|Any CPU.ActiveCfg = Debug|Any CPU
		{92027EE7-344F-4DAD-9256-70A8DD795AAD}.Debug|Any CPU.Build.0 = Debug|Any CPU
		{92027EE7-344F-4DAD-9256-70A8DD795AAD}.Debug|Any CPU.Deploy.0 = Debug|Any CPU
		{92027EE7-344F-4DAD-9256-70A8DD795AAD}.Local|Any CPU.ActiveCfg = Local|Any CPU
		{92027EE7-344F-4DAD-9256-70A8DD795AAD}.Local|Any CPU.Build.0 = Local|Any CPU
		{92027EE7-344F-4DAD-9256-70A8DD795AAD}.Local|Any CPU.Deploy.0 = Local|Any CPU
		{92027EE7-344F-4DAD-9256-70A8DD795AAD}.Release|Any CPU.ActiveCfg = Release|Any CPU
		{92027EE7-344F-4DAD-9256-70A8DD795AAD}.Release|Any CPU.Build.0 = Release|Any CPU
		{92027EE7-344F-4DAD-9256-70A8DD795AAD}.Release|Any CPU.Deploy.0 = Release|Any CPU
		{74DA69DE-EE9F-46CD-A0EC-98D349C8C486}.Debug|Any CPU.ActiveCfg = Debug|Any CPU
		{74DA69DE-EE9F-46CD-A0EC-98D349C8C486}.Debug|Any CPU.Build.0 = Debug|Any CPU
		{74DA69DE-EE9F-46CD-A0EC-98D349C8C486}.Debug|Any CPU.Deploy.0 = Debug|Any CPU
		{74DA69DE-EE9F-46CD-A0EC-98D349C8C486}.Local|Any CPU.ActiveCfg = Local|Any CPU
		{74DA69DE-EE9F-46CD-A0EC-98D349C8C486}.Local|Any CPU.Build.0 = Local|Any CPU
		{74DA69DE-EE9F-46CD-A0EC-98D349C8C486}.Local|Any CPU.Deploy.0 = Local|Any CPU
		{74DA69DE-EE9F-46CD-A0EC-98D349C8C486}.Release|Any CPU.ActiveCfg = Release|Any CPU
		{74DA69DE-EE9F-46CD-A0EC-98D349C8C486}.Release|Any CPU.Build.0 = Release|Any CPU
		{74DA69DE-EE9F-46CD-A0EC-98D349C8C486}.Release|Any CPU.Deploy.0 = Release|Any CPU
		{4839EBBE-B06A-4984-9CF4-67B9A451FE23}.Debug|Any CPU.ActiveCfg = Debug|Any CPU
		{4839EBBE-B06A-4984-9CF4-67B9A451FE23}.Debug|Any CPU.Build.0 = Debug|Any CPU
		{4839EBBE-B06A-4984-9CF4-67B9A451FE23}.Debug|Any CPU.Deploy.0 = Debug|Any CPU
		{4839EBBE-B06A-4984-9CF4-67B9A451FE23}.Local|Any CPU.ActiveCfg = Local|Any CPU
		{4839EBBE-B06A-4984-9CF4-67B9A451FE23}.Local|Any CPU.Build.0 = Local|Any CPU
		{4839EBBE-B06A-4984-9CF4-67B9A451FE23}.Local|Any CPU.Deploy.0 = Local|Any CPU
		{4839EBBE-B06A-4984-9CF4-67B9A451FE23}.Release|Any CPU.ActiveCfg = Release|Any CPU
		{4839EBBE-B06A-4984-9CF4-67B9A451FE23}.Release|Any CPU.Build.0 = Release|Any CPU
		{4839EBBE-B06A-4984-9CF4-67B9A451FE23}.Release|Any CPU.Deploy.0 = Release|Any CPU
		{7A350089-47B3-481B-86E5-77E02F69DEA7}.Debug|Any CPU.ActiveCfg = Debug|Any CPU
		{7A350089-47B3-481B-86E5-77E02F69DEA7}.Debug|Any CPU.Build.0 = Debug|Any CPU
		{7A350089-47B3-481B-86E5-77E02F69DEA7}.Debug|Any CPU.Deploy.0 = Debug|Any CPU
		{7A350089-47B3-481B-86E5-77E02F69DEA7}.Local|Any CPU.ActiveCfg = Local|Any CPU
		{7A350089-47B3-481B-86E5-77E02F69DEA7}.Local|Any CPU.Build.0 = Local|Any CPU
		{7A350089-47B3-481B-86E5-77E02F69DEA7}.Local|Any CPU.Deploy.0 = Local|Any CPU
		{7A350089-47B3-481B-86E5-77E02F69DEA7}.Release|Any CPU.ActiveCfg = Release|Any CPU
		{7A350089-47B3-481B-86E5-77E02F69DEA7}.Release|Any CPU.Build.0 = Release|Any CPU
		{7A350089-47B3-481B-86E5-77E02F69DEA7}.Release|Any CPU.Deploy.0 = Release|Any CPU
		{0260651F-B8E1-4F77-9758-B142B5011FF4}.Debug|Any CPU.ActiveCfg = Debug|Any CPU
		{0260651F-B8E1-4F77-9758-B142B5011FF4}.Debug|Any CPU.Build.0 = Debug|Any CPU
		{0260651F-B8E1-4F77-9758-B142B5011FF4}.Debug|Any CPU.Deploy.0 = Debug|Any CPU
		{0260651F-B8E1-4F77-9758-B142B5011FF4}.Local|Any CPU.ActiveCfg = Local|Any CPU
		{0260651F-B8E1-4F77-9758-B142B5011FF4}.Local|Any CPU.Build.0 = Local|Any CPU
		{0260651F-B8E1-4F77-9758-B142B5011FF4}.Local|Any CPU.Deploy.0 = Local|Any CPU
		{0260651F-B8E1-4F77-9758-B142B5011FF4}.Release|Any CPU.ActiveCfg = Release|Any CPU
		{0260651F-B8E1-4F77-9758-B142B5011FF4}.Release|Any CPU.Build.0 = Release|Any CPU
		{0260651F-B8E1-4F77-9758-B142B5011FF4}.Release|Any CPU.Deploy.0 = Release|Any CPU
	EndGlobalSection
	GlobalSection(SolutionProperties) = preSolution
		HideSolutionNode = FALSE
	EndGlobalSection
	GlobalSection(NestedProjects) = preSolution
		{D224E1A9-BE7E-4B93-95F4-5F6E1E80CD04} = {9336E0CF-0493-4771-8342-6DA344539844}
		{9CC4B700-D002-4BC2-B417-FD956AD3DD39} = {0BCC40CA-FEB7-40AA-BE5C-40831B2196D8}
		{B4A56D7D-DDBB-494B-A05A-26974FB7EEB1} = {D1D643BC-183C-47BA-AF25-7EB0FD90459E}
		{B4848A62-92AA-4670-B519-12EFC204409E} = {791CFC6B-DA77-4C53-95E6-48F73419F827}
		{A5DD50D9-3A50-4F25-97EC-D3B71A8562CE} = {CB1AC9B8-F6C8-46C6-A9BE-FA556F9CEF9A}
		{D1D643BC-183C-47BA-AF25-7EB0FD90459E} = {F0459D72-D546-458B-AE3A-E79641118566}
		{9336E0CF-0493-4771-8342-6DA344539844} = {F0459D72-D546-458B-AE3A-E79641118566}
		{791CFC6B-DA77-4C53-95E6-48F73419F827} = {F0459D72-D546-458B-AE3A-E79641118566}
		{CB1AC9B8-F6C8-46C6-A9BE-FA556F9CEF9A} = {F0459D72-D546-458B-AE3A-E79641118566}
		{0BCC40CA-FEB7-40AA-BE5C-40831B2196D8} = {F0459D72-D546-458B-AE3A-E79641118566}
		{80F452AD-DC97-405D-B8EC-75ABC4D77F34} = {D1D643BC-183C-47BA-AF25-7EB0FD90459E}
		{B9192D80-60D1-4F1A-B979-C61BE8ADAE2D} = {D1D643BC-183C-47BA-AF25-7EB0FD90459E}
		{92027EE7-344F-4DAD-9256-70A8DD795AAD} = {9336E0CF-0493-4771-8342-6DA344539844}
		{74DA69DE-EE9F-46CD-A0EC-98D349C8C486} = {791CFC6B-DA77-4C53-95E6-48F73419F827}
		{4839EBBE-B06A-4984-9CF4-67B9A451FE23} = {CB1AC9B8-F6C8-46C6-A9BE-FA556F9CEF9A}
		{7A350089-47B3-481B-86E5-77E02F69DEA7} = {0BCC40CA-FEB7-40AA-BE5C-40831B2196D8}
		{0260651F-B8E1-4F77-9758-B142B5011FF4} = {0BCC40CA-FEB7-40AA-BE5C-40831B2196D8}
	EndGlobalSection
	GlobalSection(ExtensibilityGlobals) = postSolution
		SolutionGuid = {13D5E772-51A2-4C06-8202-CB4B80FF11B8}
	EndGlobalSection
EndGlobal
